
Microsoft Visual Studio Solution File, Format Version 12.00
# Visual Studio 15
VisualStudioVersion = 15.0.26228.12
MinimumVisualStudioVersion = 10.0.40219.1
Project("{9A19103F-16F7-4668-BE54-9A1E7A4F7556}") = "WebApp", "WebApp\WebApp.csproj", "{19FF74FD-06C6-4F75-B4CB-C4FE7DDDE4F9}"
EndProject
Project("{FAE04EC0-301F-11D3-BF4B-00C04F79EFBC}") = "Project.Entities", "Project.Entities\Project.Entities.csproj", "{B94E3BCB-D5D2-4FF4-9B4F-256734DEC28D}"
EndProject
Project("{FAE04EC0-301F-11D3-BF4B-00C04F79EFBC}") = "Project.Models", "Project.Models\Project.Models.csproj", "{DE76B13B-117F-4A1A-B4FC-20C8DAC52DFA}"
EndProject
Project("{FAE04EC0-301F-11D3-BF4B-00C04F79EFBC}") = "Project.Common", "Project.Common\Project.Common.csproj", "{CE158176-F980-4C2E-B004-6C73A465AB70}"
EndProject
Global
	GlobalSection(SolutionConfigurationPlatforms) = preSolution
		Debug|Any CPU = Debug|Any CPU
		Release|Any CPU = Release|Any CPU
	EndGlobalSection
	GlobalSection(ProjectConfigurationPlatforms) = postSolution
		{19FF74FD-06C6-4F75-B4CB-C4FE7DDDE4F9}.Debug|Any CPU.ActiveCfg = Debug|Any CPU
		{19FF74FD-06C6-4F75-B4CB-C4FE7DDDE4F9}.Debug|Any CPU.Build.0 = Debug|Any CPU
		{19FF74FD-06C6-4F75-B4CB-C4FE7DDDE4F9}.Release|Any CPU.ActiveCfg = Release|Any CPU
		{19FF74FD-06C6-4F75-B4CB-C4FE7DDDE4F9}.Release|Any CPU.Build.0 = Release|Any CPU
		{B94E3BCB-D5D2-4FF4-9B4F-256734DEC28D}.Debug|Any CPU.ActiveCfg = Debug|Any CPU
		{B94E3BCB-D5D2-4FF4-9B4F-256734DEC28D}.Debug|Any CPU.Build.0 = Debug|Any CPU
		{B94E3BCB-D5D2-4FF4-9B4F-256734DEC28D}.Release|Any CPU.ActiveCfg = Release|Any CPU
		{B94E3BCB-D5D2-4FF4-9B4F-256734DEC28D}.Release|Any CPU.Build.0 = Release|Any CPU
		{DE76B13B-117F-4A1A-B4FC-20C8DAC52DFA}.Debug|Any CPU.ActiveCfg = Debug|Any CPU
		{DE76B13B-117F-4A1A-B4FC-20C8DAC52DFA}.Debug|Any CPU.Build.0 = Debug|Any CPU
		{DE76B13B-117F-4A1A-B4FC-20C8DAC52DFA}.Release|Any CPU.ActiveCfg = Release|Any CPU
		{DE76B13B-117F-4A1A-B4FC-20C8DAC52DFA}.Release|Any CPU.Build.0 = Release|Any CPU
		{CE158176-F980-4C2E-B004-6C73A465AB70}.Debug|Any CPU.ActiveCfg = Debug|Any CPU
		{CE158176-F980-4C2E-B004-6C73A465AB70}.Debug|Any CPU.Build.0 = Debug|Any CPU
		{CE158176-F980-4C2E-B004-6C73A465AB70}.Release|Any CPU.ActiveCfg = Release|Any CPU
		{CE158176-F980-4C2E-B004-6C73A465AB70}.Release|Any CPU.Build.0 = Release|Any CPU
	EndGlobalSection
	GlobalSection(SolutionProperties) = preSolution
		HideSolutionNode = FALSE
	EndGlobalSection
EndGlobal
